dependencies:
- name: postgresql
  repository: https://charts.bitnami.com/bitnami
  version: 18.5.14
- name: redis
  repository: https://charts.bitnami.com/bitnami
  version: 25.3.9
digest: sha256:293cdf2fdc64c5cf1b2b61216b0ab2ac1f4713b01b5a9a1956c7cfb20bbc56e0
generated: "2026-04-12T16:22:16.102584+05:30"
